
Microsoft Visual Studio Solution File, Format Version 12.00
# Visual Studio 15
VisualStudioVersion = 15.0.28307.1145
MinimumVisualStudioVersion = 10.0.40219.1
Project("{FAE04EC0-301F-11D3-BF4B-00C04F79EFBC}") = "JeweleryStore", "JeweleryStore\JeweleryStore.csproj", "{4C253925-A0B5-415B-A429-5F50B9286C95}"
EndProject
Global
	GlobalSection(SolutionConfigurationPlatforms) = preSolution
		Debug|Any CPU = Debug|Any CPU
		Release|Any CPU = Release|Any CPU
	EndGlobalSection
	GlobalSection(ProjectConfigurationPlatforms) = postSolution
		{4C253925-A0B5-415B-A429-5F50B9286C95}.Debug|Any CPU.ActiveCfg = Debug|Any CPU
		{4C253925-A0B5-415B-A429-5F50B9286C95}.Debug|Any CPU.Build.0 = Debug|Any CPU
		{4C253925-A0B5-415B-A429-5F50B9286C95}.Release|Any CPU.ActiveCfg = Release|Any CPU
		{4C253925-A0B5-415B-A429-5F50B9286C95}.Release|Any CPU.Build.0 = Release|Any CPU
	EndGlobalSection
	GlobalSection(SolutionProperties) = preSolution
		HideSolutionNode = FALSE
	EndGlobalSection
	GlobalSection(ExtensibilityGlobals) = postSolution
		SolutionGuid = {8B8CA24D-C013-47D8-98BF-9BC7DD2DC091}
	EndGlobalSection
EndGlobal
